
Microsoft Visual Studio Solution File, Format Version 12.00
# Visual Studio Version 17
VisualStudioVersion = 17.11.35208.52
MinimumVisualStudioVersion = 10.0.40219.1
Project("{FAE04EC0-301F-11D3-BF4B-00C04F79EFBC}") = "JCarvajalProgreso2", "JCarvajalProgreso2\JCarvajalProgreso2.csproj", "{21474077-8A72-4478-9FD9-BF32CE8D1A6E}"
EndProject
Global
	GlobalSection(SolutionConfigurationPlatforms) = preSolution
		Debug|Any CPU = Debug|Any CPU
		Release|Any CPU = Release|Any CPU
	EndGlobalSection
	GlobalSection(ProjectConfigurationPlatforms) = postSolution
		{21474077-8A72-4478-9FD9-BF32CE8D1A6E}.Debug|Any CPU.ActiveCfg = Debug|Any CPU
		{21474077-8A72-4478-9FD9-BF32CE8D1A6E}.Debug|Any CPU.Build.0 = Debug|Any CPU
		{21474077-8A72-4478-9FD9-BF32CE8D1A6E}.Debug|Any CPU.Deploy.0 = Debug|Any CPU
		{21474077-8A72-4478-9FD9-BF32CE8D1A6E}.Release|Any CPU.ActiveCfg = Release|Any CPU
		{21474077-8A72-4478-9FD9-BF32CE8D1A6E}.Release|Any CPU.Build.0 = Release|Any CPU
		{21474077-8A72-4478-9FD9-BF32CE8D1A6E}.Release|Any CPU.Deploy.0 = Release|Any CPU
	EndGlobalSection
	GlobalSection(SolutionProperties) = preSolution
		HideSolutionNode = FALSE
	EndGlobalSection
	GlobalSection(ExtensibilityGlobals) = postSolution
		SolutionGuid = {1C607F19-570D-41D0-ABFE-234FC6D47CBC}
	EndGlobalSection
EndGlobal
